
Microsoft Visual Studio Solution File, Format Version 12.00
# Visual Studio Version 17
VisualStudioVersion = 17.9.34622.214
MinimumVisualStudioVersion = 10.0.40219.1
Project("{FAE04EC0-301F-11D3-BF4B-00C04F79EFBC}") = "test-codeql", "test-codeql.csproj", "{50F16614-88B3-475D-9EC0-E15EDB5CFE54}"
EndProject
Global
	GlobalSection(SolutionConfigurationPlatforms) = preSolution
		Debug|Any CPU = Debug|Any CPU
		Release|Any CPU = Release|Any CPU
	EndGlobalSection
	GlobalSection(ProjectConfigurationPlatforms) = postSolution
		{50F16614-88B3-475D-9EC0-E15EDB5CFE54}.Debug|Any CPU.ActiveCfg = Debug|Any CPU
		{50F16614-88B3-475D-9EC0-E15EDB5CFE54}.Debug|Any CPU.Build.0 = Debug|Any CPU
		{50F16614-88B3-475D-9EC0-E15EDB5CFE54}.Release|Any CPU.ActiveCfg = Release|Any CPU
		{50F16614-88B3-475D-9EC0-E15EDB5CFE54}.Release|Any CPU.Build.0 = Release|Any CPU
	EndGlobalSection
	GlobalSection(SolutionProperties) = preSolution
		HideSolutionNode = FALSE
	EndGlobalSection
	GlobalSection(ExtensibilityGlobals) = postSolution
		SolutionGuid = {336FF10E-E756-4D6A-A9A4-E356028038AE}
	EndGlobalSection
EndGlobal
